
Microsoft Visual Studio Solution File, Format Version 12.00
# Visual Studio Version 17
VisualStudioVersion = 17.5.33414.496
MinimumVisualStudioVersion = 10.0.40219.1
Project("{FAE04EC0-301F-11D3-BF4B-00C04F79EFBC}") = "TraversalApi", "TraversalApi\TraversalApi.csproj", "{B27BA689-FA92-4D33-936A-DC58FB4C4F6C}"
EndProject
Global
	GlobalSection(SolutionConfigurationPlatforms) = preSolution
		Debug|Any CPU = Debug|Any CPU
		Release|Any CPU = Release|Any CPU
	EndGlobalSection
	GlobalSection(ProjectConfigurationPlatforms) = postSolution
		{B27BA689-FA92-4D33-936A-DC58FB4C4F6C}.Debug|Any CPU.ActiveCfg = Debug|Any CPU
		{B27BA689-FA92-4D33-936A-DC58FB4C4F6C}.Debug|Any CPU.Build.0 = Debug|Any CPU
		{B27BA689-FA92-4D33-936A-DC58FB4C4F6C}.Release|Any CPU.ActiveCfg = Release|Any CPU
		{B27BA689-FA92-4D33-936A-DC58FB4C4F6C}.Release|Any CPU.Build.0 = Release|Any CPU
	EndGlobalSection
	GlobalSection(SolutionProperties) = preSolution
		HideSolutionNode = FALSE
	EndGlobalSection
	GlobalSection(ExtensibilityGlobals) = postSolution
		SolutionGuid = {3D217E4E-4AA0-4E79-B15D-A8028E391505}
	EndGlobalSection
EndGlobal
